
Microsoft Visual Studio Solution File, Format Version 12.00
# Visual Studio Version 17
VisualStudioVersion = 17.3.32901.215
MinimumVisualStudioVersion = 10.0.40219.1
Project("{FAE04EC0-301F-11D3-BF4B-00C04F79EFBC}") = "Ex_HMH_QTKD_API", "Ex_HMH_QTKD_API\Ex_HMH_QTKD_API.csproj", "{E64218B1-3F83-4585-A2CD-A343B11F9523}"
EndProject
Global
	GlobalSection(SolutionConfigurationPlatforms) = preSolution
		Debug|Any CPU = Debug|Any CPU
		Release|Any CPU = Release|Any CPU
	EndGlobalSection
	GlobalSection(ProjectConfigurationPlatforms) = postSolution
		{E64218B1-3F83-4585-A2CD-A343B11F9523}.Debug|Any CPU.ActiveCfg = Debug|Any CPU
		{E64218B1-3F83-4585-A2CD-A343B11F9523}.Debug|Any CPU.Build.0 = Debug|Any CPU
		{E64218B1-3F83-4585-A2CD-A343B11F9523}.Release|Any CPU.ActiveCfg = Release|Any CPU
		{E64218B1-3F83-4585-A2CD-A343B11F9523}.Release|Any CPU.Build.0 = Release|Any CPU
	EndGlobalSection
	GlobalSection(SolutionProperties) = preSolution
		HideSolutionNode = FALSE
	EndGlobalSection
	GlobalSection(ExtensibilityGlobals) = postSolution
		SolutionGuid = {B86913DA-F3E3-489F-A850-20B4649FC837}
	EndGlobalSection
EndGlobal
